
Microsoft Visual Studio Solution File, Format Version 12.00
# Visual Studio Version 17
VisualStudioVersion = 17.14.36414.22
MinimumVisualStudioVersion = 10.0.40219.1
Project("{FAE04EC0-301F-11D3-BF4B-00C04F79EFBC}") = "Architect4Hire.AspireHire.AppHost", "Architect4Hire.AppHost\Architect4Hire.AspireHire.AppHost.csproj", "{8229F3EA-8C20-45BF-B0E0-634E165317A7}"
EndProject
Project("{2150E333-8FDC-42A3-9474-1A3956D46DE8}") = "Services", "Services", "{02EA681E-C7D8-13C7-8484-4AC65E1B71E8}"
EndProject
Project("{2150E333-8FDC-42A3-9474-1A3956D46DE8}") = "FrontEnd", "FrontEnd", "{677F2EEF-5142-43AE-94B2-93E2F3DC0555}"
EndProject
Project("{2150E333-8FDC-42A3-9474-1A3956D46DE8}") = "Functions", "Functions", "{29A31590-3197-4CA0-8D7A-044B3C58D9CB}"
EndProject
Project("{2150E333-8FDC-42A3-9474-1A3956D46DE8}") = "Shared", "Shared", "{8BD38C43-8833-400B-87D4-796C8E8AE660}"
EndProject
Project("{2150E333-8FDC-42A3-9474-1A3956D46DE8}") = "UnitTests", "UnitTests", "{93541B88-955F-4F7D-94B7-154B1CF8987C}"
EndProject
Project("{2150E333-8FDC-42A3-9474-1A3956D46DE8}") = "Hosts", "Hosts", "{B0E23B39-D272-4053-8993-35F87836410D}"
EndProject
Project("{FAE04EC0-301F-11D3-BF4B-00C04F79EFBC}") = "Architect4Hire.AspireHire.ServiceDefaults", "Architect4Hire.AspireHire.ServiceDefaults\Architect4Hire.AspireHire.ServiceDefaults.csproj", "{77D817A9-9D8A-4D2D-B796-D0F63CF71314}"
EndProject
Project("{FAE04EC0-301F-11D3-BF4B-00C04F79EFBC}") = "Architect4Hire.AspireHire.Shared", "Architect4Hire.AspireHire.Shared\Architect4Hire.AspireHire.Shared.csproj", "{79CA38D3-20F8-4906-88D2-DC3F12EA34E5}"
EndProject
Project("{54A90642-561A-4BB1-A94E-469ADEE60C69}") = "Architect4Hire.AspireHire.FrontEnd", "Architect4Hire.AspireHire.FrontEnd\Architect4Hire.AspireHire.FrontEnd.esproj", "{D8FD4E91-56C9-EF59-3298-E926E0A7DCAD}"
EndProject
Project("{2150E333-8FDC-42A3-9474-1A3956D46DE8}") = "Token", "Token", "{68B3F093-C979-4C9C-9928-0398765C3C31}"
EndProject
Project("{2150E333-8FDC-42A3-9474-1A3956D46DE8}") = "User", "User", "{A4970B3A-B862-421A-B5B1-864DC9F0EBB1}"
EndProject
Project("{FAE04EC0-301F-11D3-BF4B-00C04F79EFBC}") = "Architect4Hire.AspireHire.TokenService", "Architect4Hire.AspireHire.TokenService\Architect4Hire.AspireHire.TokenService.csproj", "{59ECE902-A0E6-F488-8D4E-844AE9767B03}"
EndProject
Project("{FAE04EC0-301F-11D3-BF4B-00C04F79EFBC}") = "Architect4Hire.AspireHire.TokenServiceDomainLayer", "Architect4Hire.AspireHire.TokenServiceDomainLayer\Architect4Hire.AspireHire.TokenServiceDomainLayer.csproj", "{675CF355-136E-493D-9802-B29AB55325BB}"
EndProject
Project("{FAE04EC0-301F-11D3-BF4B-00C04F79EFBC}") = "Architect4Hire.AspireHire.UserService", "Architect4Hire.AspireHire.UserService\Architect4Hire.AspireHire.UserService.csproj", "{1ED1156D-5C53-6B6C-2B3B-FDC337E8CB72}"
EndProject
Project("{FAE04EC0-301F-11D3-BF4B-00C04F79EFBC}") = "Architect4Hire.AspireHire.UserServiceDomainLayer", "Architect4Hire.AspireHire.UserServiceDomainLayer\Architect4Hire.AspireHire.UserServiceDomainLayer.csproj", "{E4A2BDC8-187A-4458-9CB8-73C159DEA98A}"
EndProject
Project("{2150E333-8FDC-42A3-9474-1A3956D46DE8}") = "Profile", "Profile", "{4F1A08B6-7AB7-402F-AE4D-C8E870F0AA8F}"
EndProject
Project("{2150E333-8FDC-42A3-9474-1A3956D46DE8}") = "Job", "Job", "{36D5B36C-AA0E-4AD7-954C-530DA23422FE}"
EndProject
Project("{2150E333-8FDC-42A3-9474-1A3956D46DE8}") = "Proposal", "Proposal", "{9C9CBBFF-BD31-43BC-A498-B73BA3A85611}"
EndProject
Project("{2150E333-8FDC-42A3-9474-1A3956D46DE8}") = "Contract", "Contract", "{00BB44AF-49C8-4F5A-8688-DBBACFA0AA83}"
EndProject
Project("{2150E333-8FDC-42A3-9474-1A3956D46DE8}") = "Payment", "Payment", "{0C5AB3EF-62A4-4D57-A201-592084C9D1E9}"
EndProject
Project("{2150E333-8FDC-42A3-9474-1A3956D46DE8}") = "Message", "Message", "{AE322C35-2A9C-4C9B-B686-2A9C91F7CBA2}"
EndProject
Project("{FAE04EC0-301F-11D3-BF4B-00C04F79EFBC}") = "Architect4Hire.AspireHire.ContractService", "Architect4Hire.AspireHire.ContractService\Architect4Hire.AspireHire.ContractService.csproj", "{77C63839-E40A-C9DF-9379-437DF4373630}"
EndProject
Project("{FAE04EC0-301F-11D3-BF4B-00C04F79EFBC}") = "Architect4Hire.AspireHire.ContractServiceDomainLayer", "Architect4Hire.AspireHire.ContractServiceDomainLayer\Architect4Hire.AspireHire.ContractServiceDomainLayer.csproj", "{035C26F9-4690-4AC3-9637-E051EF99AED6}"
EndProject
Project("{FAE04EC0-301F-11D3-BF4B-00C04F79EFBC}") = "Architect4Hire.AspireHire.JobService", "Architect4Hire.AspireHire.JobService\Architect4Hire.AspireHire.JobService.csproj", "{7A30855D-936A-E162-38AB-A880FB1C308F}"
EndProject
Project("{FAE04EC0-301F-11D3-BF4B-00C04F79EFBC}") = "Architect4Hire.AspireHire.JobServiceDomainLayer", "Architect4Hire.AspireHire.JobServiceDomainLayer\Architect4Hire.AspireHire.JobServiceDomainLayer.csproj", "{04DE3960-C292-48B4-841D-DA768D6CBCDA}"
EndProject
Project("{FAE04EC0-301F-11D3-BF4B-00C04F79EFBC}") = "Architect4Hire.AspireHire.MessageService", "Architect4Hire.AspireHire.MessageService\Architect4Hire.AspireHire.MessageService.csproj", "{973A3198-498F-D15E-5BE8-383D155E6880}"
EndProject
Project("{FAE04EC0-301F-11D3-BF4B-00C04F79EFBC}") = "Architect4Hire.AspireHire.MessageServiceDomainLayer", "Architect4Hire.AspireHire.MessageServiceDomainLayer\Architect4Hire.AspireHire.MessageServiceDomainLayer.csproj", "{0A19B43E-25F5-4CEF-9D93-3E2264F2BC7B}"
EndProject
Project("{FAE04EC0-301F-11D3-BF4B-00C04F79EFBC}") = "Architect4Hire.AspireHire.PaymentService", "Architect4Hire.AspireHire.PaymentService\Architect4Hire.AspireHire.PaymentService.csproj", "{2F970186-0269-9A61-81C6-734E13FA8E64}"
EndProject
Project("{FAE04EC0-301F-11D3-BF4B-00C04F79EFBC}") = "Architect4Hire.AspireHire.PaymentServiceDomainLayer", "Architect4Hire.AspireHire.PaymentServiceDomainLayer\Architect4Hire.AspireHire.PaymentServiceDomainLayer.csproj", "{1136E258-9148-4A8C-BF2E-ED171FE4A9B1}"
EndProject
Project("{FAE04EC0-301F-11D3-BF4B-00C04F79EFBC}") = "Architect4Hire.AspireHire.ProfileService", "Architect4Hire.AspireHire.ProfileService\Architect4Hire.AspireHire.ProfileService.csproj", "{95590D65-F0A6-F3C4-A25F-A97A5EADB6AA}"
EndProject
Project("{FAE04EC0-301F-11D3-BF4B-00C04F79EFBC}") = "Architect4Hire.AspireHire.ProfileServiceDomainLayer", "Architect4Hire.AspireHire.ProfileServiceDomainLayer\Architect4Hire.AspireHire.ProfileServiceDomainLayer.csproj", "{9D40CC2D-BEEA-4A2B-B9CD-8D1285123E8C}"
EndProject
Project("{FAE04EC0-301F-11D3-BF4B-00C04F79EFBC}") = "Architect4Hire.AspireHire.ProposalService", "Architect4Hire.AspireHire.ProposalService\Architect4Hire.AspireHire.ProposalService.csproj", "{89CA1D7A-8393-2B60-BD97-07D99AE11557}"
EndProject
Project("{FAE04EC0-301F-11D3-BF4B-00C04F79EFBC}") = "Architect4Hire.AspireHire.ProposalServiceDomainLayer", "Architect4Hire.AspireHire.ProposalServiceDomainLayer\Architect4Hire.AspireHire.ProposalServiceDomainLayer.csproj", "{2AEA0505-C32E-4CE4-A628-D5BAB96AFA38}"
EndProject
Project("{2150E333-8FDC-42A3-9474-1A3956D46DE8}") = "Utility", "Utility", "{B65F0CC9-B612-493D-B4AD-E854EE1E262F}"
EndProject
Project("{FAE04EC0-301F-11D3-BF4B-00C04F79EFBC}") = "Architect4Hire.AspireHire.UtilityService", "Architect4Hire.AspireHire.UtilityService\Architect4Hire.AspireHire.UtilityService.csproj", "{DBF83073-4A65-3C6C-3FE7-3F9B4D680ECB}"
EndProject
Project("{FAE04EC0-301F-11D3-BF4B-00C04F79EFBC}") = "Architect4Hire.AspireHire.UtilityServiceDomainLayer", "Architect4Hire.AspireHire.UtilityServiceDomainLayer\Architect4Hire.AspireHire.UtilityServiceDomainLayer.csproj", "{6FB8E154-DA41-4B27-AA16-5D5822B288ED}"
EndProject
Project("{2150E333-8FDC-42A3-9474-1A3956D46DE8}") = "Proxy", "Proxy", "{03BD3536-68AD-4CB9-B548-A3180B2B1CC0}"
EndProject
Global
	GlobalSection(SolutionConfigurationPlatforms) = preSolution
		Debug|Any CPU = Debug|Any CPU
		Release|Any CPU = Release|Any CPU
	EndGlobalSection
	GlobalSection(ProjectConfigurationPlatforms) = postSolution
		{8229F3EA-8C20-45BF-B0E0-634E165317A7}.Debug|Any CPU.ActiveCfg = Debug|Any CPU
		{8229F3EA-8C20-45BF-B0E0-634E165317A7}.Debug|Any CPU.Build.0 = Debug|Any CPU
		{8229F3EA-8C20-45BF-B0E0-634E165317A7}.Release|Any CPU.ActiveCfg = Release|Any CPU
		{8229F3EA-8C20-45BF-B0E0-634E165317A7}.Release|Any CPU.Build.0 = Release|Any CPU
		{77D817A9-9D8A-4D2D-B796-D0F63CF71314}.Debug|Any CPU.ActiveCfg = Debug|Any CPU
		{77D817A9-9D8A-4D2D-B796-D0F63CF71314}.Debug|Any CPU.Build.0 = Debug|Any CPU
		{77D817A9-9D8A-4D2D-B796-D0F63CF71314}.Release|Any CPU.ActiveCfg = Release|Any CPU
		{77D817A9-9D8A-4D2D-B796-D0F63CF71314}.Release|Any CPU.Build.0 = Release|Any CPU
		{79CA38D3-20F8-4906-88D2-DC3F12EA34E5}.Debug|Any CPU.ActiveCfg = Debug|Any CPU
		{79CA38D3-20F8-4906-88D2-DC3F12EA34E5}.Debug|Any CPU.Build.0 = Debug|Any CPU
		{79CA38D3-20F8-4906-88D2-DC3F12EA34E5}.Release|Any CPU.ActiveCfg = Release|Any CPU
		{79CA38D3-20F8-4906-88D2-DC3F12EA34E5}.Release|Any CPU.Build.0 = Release|Any CPU
		{D8FD4E91-56C9-EF59-3298-E926E0A7DCAD}.Debug|Any CPU.ActiveCfg = Debug|Any CPU
		{D8FD4E91-56C9-EF59-3298-E926E0A7DCAD}.Debug|Any CPU.Build.0 = Debug|Any CPU
		{D8FD4E91-56C9-EF59-3298-E926E0A7DCAD}.Debug|Any CPU.Deploy.0 = Debug|Any CPU
		{D8FD4E91-56C9-EF59-3298-E926E0A7DCAD}.Release|Any CPU.ActiveCfg = Release|Any CPU
		{D8FD4E91-56C9-EF59-3298-E926E0A7DCAD}.Release|Any CPU.Build.0 = Release|Any CPU
		{D8FD4E91-56C9-EF59-3298-E926E0A7DCAD}.Release|Any CPU.Deploy.0 = Release|Any CPU
		{59ECE902-A0E6-F488-8D4E-844AE9767B03}.Debug|Any CPU.ActiveCfg = Debug|Any CPU
		{59ECE902-A0E6-F488-8D4E-844AE9767B03}.Debug|Any CPU.Build.0 = Debug|Any CPU
		{59ECE902-A0E6-F488-8D4E-844AE9767B03}.Release|Any CPU.ActiveCfg = Release|Any CPU
		{59ECE902-A0E6-F488-8D4E-844AE9767B03}.Release|Any CPU.Build.0 = Release|Any CPU
		{675CF355-136E-493D-9802-B29AB55325BB}.Debug|Any CPU.ActiveCfg = Debug|Any CPU
		{675CF355-136E-493D-9802-B29AB55325BB}.Debug|Any CPU.Build.0 = Debug|Any CPU
		{675CF355-136E-493D-9802-B29AB55325BB}.Release|Any CPU.ActiveCfg = Release|Any CPU
		{675CF355-136E-493D-9802-B29AB55325BB}.Release|Any CPU.Build.0 = Release|Any CPU
		{1ED1156D-5C53-6B6C-2B3B-FDC337E8CB72}.Debug|Any CPU.ActiveCfg = Debug|Any CPU
		{1ED1156D-5C53-6B6C-2B3B-FDC337E8CB72}.Debug|Any CPU.Build.0 = Debug|Any CPU
		{1ED1156D-5C53-6B6C-2B3B-FDC337E8CB72}.Release|Any CPU.ActiveCfg = Release|Any CPU
		{1ED1156D-5C53-6B6C-2B3B-FDC337E8CB72}.Release|Any CPU.Build.0 = Release|Any CPU
		{E4A2BDC8-187A-4458-9CB8-73C159DEA98A}.Debug|Any CPU.ActiveCfg = Debug|Any CPU
		{E4A2BDC8-187A-4458-9CB8-73C159DEA98A}.Debug|Any CPU.Build.0 = Debug|Any CPU
		{E4A2BDC8-187A-4458-9CB8-73C159DEA98A}.Release|Any CPU.ActiveCfg = Release|Any CPU
		{E4A2BDC8-187A-4458-9CB8-73C159DEA98A}.Release|Any CPU.Build.0 = Release|Any CPU
		{77C63839-E40A-C9DF-9379-437DF4373630}.Debug|Any CPU.ActiveCfg = Debug|Any CPU
		{77C63839-E40A-C9DF-9379-437DF4373630}.Debug|Any CPU.Build.0 = Debug|Any CPU
		{77C63839-E40A-C9DF-9379-437DF4373630}.Release|Any CPU.ActiveCfg = Release|Any CPU
		{77C63839-E40A-C9DF-9379-437DF4373630}.Release|Any CPU.Build.0 = Release|Any CPU
		{035C26F9-4690-4AC3-9637-E051EF99AED6}.Debug|Any CPU.ActiveCfg = Debug|Any CPU
		{035C26F9-4690-4AC3-9637-E051EF99AED6}.Debug|Any CPU.Build.0 = Debug|Any CPU
		{035C26F9-4690-4AC3-9637-E051EF99AED6}.Release|Any CPU.ActiveCfg = Release|Any CPU
		{035C26F9-4690-4AC3-9637-E051EF99AED6}.Release|Any CPU.Build.0 = Release|Any CPU
		{7A30855D-936A-E162-38AB-A880FB1C308F}.Debug|Any CPU.ActiveCfg = Debug|Any CPU
		{7A30855D-936A-E162-38AB-A880FB1C308F}.Debug|Any CPU.Build.0 = Debug|Any CPU
		{7A30855D-936A-E162-38AB-A880FB1C308F}.Release|Any CPU.ActiveCfg = Release|Any CPU
		{7A30855D-936A-E162-38AB-A880FB1C308F}.Release|Any CPU.Build.0 = Release|Any CPU
		{04DE3960-C292-48B4-841D-DA768D6CBCDA}.Debug|Any CPU.ActiveCfg = Debug|Any CPU
		{04DE3960-C292-48B4-841D-DA768D6CBCDA}.Debug|Any CPU.Build.0 = Debug|Any CPU
		{04DE3960-C292-48B4-841D-DA768D6CBCDA}.Release|Any CPU.ActiveCfg = Release|Any CPU
		{04DE3960-C292-48B4-841D-DA768D6CBCDA}.Release|Any CPU.Build.0 = Release|Any CPU
		{973A3198-498F-D15E-5BE8-383D155E6880}.Debug|Any CPU.ActiveCfg = Debug|Any CPU
		{973A3198-498F-D15E-5BE8-383D155E6880}.Debug|Any CPU.Build.0 = Debug|Any CPU
		{973A3198-498F-D15E-5BE8-383D155E6880}.Release|Any CPU.ActiveCfg = Release|Any CPU
		{973A3198-498F-D15E-5BE8-383D155E6880}.Release|Any CPU.Build.0 = Release|Any CPU
		{0A19B43E-25F5-4CEF-9D93-3E2264F2BC7B}.Debug|Any CPU.ActiveCfg = Debug|Any CPU
		{0A19B43E-25F5-4CEF-9D93-3E2264F2BC7B}.Debug|Any CPU.Build.0 = Debug|Any CPU
		{0A19B43E-25F5-4CEF-9D93-3E2264F2BC7B}.Release|Any CPU.ActiveCfg = Release|Any CPU
		{0A19B43E-25F5-4CEF-9D93-3E2264F2BC7B}.Release|Any CPU.Build.0 = Release|Any CPU
		{2F970186-0269-9A61-81C6-734E13FA8E64}.Debug|Any CPU.ActiveCfg = Debug|Any CPU
		{2F970186-0269-9A61-81C6-734E13FA8E64}.Debug|Any CPU.Build.0 = Debug|Any CPU
		{2F970186-0269-9A61-81C6-734E13FA8E64}.Release|Any CPU.ActiveCfg = Release|Any CPU
		{2F970186-0269-9A61-81C6-734E13FA8E64}.Release|Any CPU.Build.0 = Release|Any CPU
		{1136E258-9148-4A8C-BF2E-ED171FE4A9B1}.Debug|Any CPU.ActiveCfg = Debug|Any CPU
		{1136E258-9148-4A8C-BF2E-ED171FE4A9B1}.Debug|Any CPU.Build.0 = Debug|Any CPU
		{1136E258-9148-4A8C-BF2E-ED171FE4A9B1}.Release|Any CPU.ActiveCfg = Release|Any CPU
		{1136E258-9148-4A8C-BF2E-ED171FE4A9B1}.Release|Any CPU.Build.0 = Release|Any CPU
		{95590D65-F0A6-F3C4-A25F-A97A5EADB6AA}.Debug|Any CPU.ActiveCfg = Debug|Any CPU
		{95590D65-F0A6-F3C4-A25F-A97A5EADB6AA}.Debug|Any CPU.Build.0 = Debug|Any CPU
		{95590D65-F0A6-F3C4-A25F-A97A5EADB6AA}.Release|Any CPU.ActiveCfg = Release|Any CPU
		{95590D65-F0A6-F3C4-A25F-A97A5EADB6AA}.Release|Any CPU.Build.0 = Release|Any CPU
		{9D40CC2D-BEEA-4A2B-B9CD-8D1285123E8C}.Debug|Any CPU.ActiveCfg = Debug|Any CPU
		{9D40CC2D-BEEA-4A2B-B9CD-8D1285123E8C}.Debug|Any CPU.Build.0 = Debug|Any CPU
		{9D40CC2D-BEEA-4A2B-B9CD-8D1285123E8C}.Release|Any CPU.ActiveCfg = Release|Any CPU
		{9D40CC2D-BEEA-4A2B-B9CD-8D1285123E8C}.Release|Any CPU.Build.0 = Release|Any CPU
		{89CA1D7A-8393-2B60-BD97-07D99AE11557}.Debug|Any CPU.ActiveCfg = Debug|Any CPU
		{89CA1D7A-8393-2B60-BD97-07D99AE11557}.Debug|Any CPU.Build.0 = Debug|Any CPU
		{89CA1D7A-8393-2B60-BD97-07D99AE11557}.Release|Any CPU.ActiveCfg = Release|Any CPU
		{89CA1D7A-8393-2B60-BD97-07D99AE11557}.Release|Any CPU.Build.0 = Release|Any CPU
		{2AEA0505-C32E-4CE4-A628-D5BAB96AFA38}.Debug|Any CPU.ActiveCfg = Debug|Any CPU
		{2AEA0505-C32E-4CE4-A628-D5BAB96AFA38}.Debug|Any CPU.Build.0 = Debug|Any CPU
		{2AEA0505-C32E-4CE4-A628-D5BAB96AFA38}.Release|Any CPU.ActiveCfg = Release|Any CPU
		{2AEA0505-C32E-4CE4-A628-D5BAB96AFA38}.Release|Any CPU.Build.0 = Release|Any CPU
		{DBF83073-4A65-3C6C-3FE7-3F9B4D680ECB}.Debug|Any CPU.ActiveCfg = Debug|Any CPU
		{DBF83073-4A65-3C6C-3FE7-3F9B4D680ECB}.Debug|Any CPU.Build.0 = Debug|Any CPU
		{DBF83073-4A65-3C6C-3FE7-3F9B4D680ECB}.Release|Any CPU.ActiveCfg = Release|Any CPU
		{DBF83073-4A65-3C6C-3FE7-3F9B4D680ECB}.Release|Any CPU.Build.0 = Release|Any CPU
		{6FB8E154-DA41-4B27-AA16-5D5822B288ED}.Debug|Any CPU.ActiveCfg = Debug|Any CPU
		{6FB8E154-DA41-4B27-AA16-5D5822B288ED}.Debug|Any CPU.Build.0 = Debug|Any CPU
		{6FB8E154-DA41-4B27-AA16-5D5822B288ED}.Release|Any CPU.ActiveCfg = Release|Any CPU
		{6FB8E154-DA41-4B27-AA16-5D5822B288ED}.Release|Any CPU.Build.0 = Release|Any CPU
	EndGlobalSection
	GlobalSection(SolutionProperties) = preSolution
		HideSolutionNode = FALSE
	EndGlobalSection
	GlobalSection(NestedProjects) = preSolution
		{8229F3EA-8C20-45BF-B0E0-634E165317A7} = {B0E23B39-D272-4053-8993-35F87836410D}
		{77D817A9-9D8A-4D2D-B796-D0F63CF71314} = {8BD38C43-8833-400B-87D4-796C8E8AE660}
		{79CA38D3-20F8-4906-88D2-DC3F12EA34E5} = {8BD38C43-8833-400B-87D4-796C8E8AE660}
		{D8FD4E91-56C9-EF59-3298-E926E0A7DCAD} = {677F2EEF-5142-43AE-94B2-93E2F3DC0555}
		{68B3F093-C979-4C9C-9928-0398765C3C31} = {02EA681E-C7D8-13C7-8484-4AC65E1B71E8}
		{A4970B3A-B862-421A-B5B1-864DC9F0EBB1} = {02EA681E-C7D8-13C7-8484-4AC65E1B71E8}
		{59ECE902-A0E6-F488-8D4E-844AE9767B03} = {68B3F093-C979-4C9C-9928-0398765C3C31}
		{675CF355-136E-493D-9802-B29AB55325BB} = {68B3F093-C979-4C9C-9928-0398765C3C31}
		{1ED1156D-5C53-6B6C-2B3B-FDC337E8CB72} = {A4970B3A-B862-421A-B5B1-864DC9F0EBB1}
		{E4A2BDC8-187A-4458-9CB8-73C159DEA98A} = {A4970B3A-B862-421A-B5B1-864DC9F0EBB1}
		{4F1A08B6-7AB7-402F-AE4D-C8E870F0AA8F} = {02EA681E-C7D8-13C7-8484-4AC65E1B71E8}
		{36D5B36C-AA0E-4AD7-954C-530DA23422FE} = {02EA681E-C7D8-13C7-8484-4AC65E1B71E8}
		{9C9CBBFF-BD31-43BC-A498-B73BA3A85611} = {02EA681E-C7D8-13C7-8484-4AC65E1B71E8}
		{00BB44AF-49C8-4F5A-8688-DBBACFA0AA83} = {02EA681E-C7D8-13C7-8484-4AC65E1B71E8}
		{0C5AB3EF-62A4-4D57-A201-592084C9D1E9} = {02EA681E-C7D8-13C7-8484-4AC65E1B71E8}
		{AE322C35-2A9C-4C9B-B686-2A9C91F7CBA2} = {02EA681E-C7D8-13C7-8484-4AC65E1B71E8}
		{77C63839-E40A-C9DF-9379-437DF4373630} = {00BB44AF-49C8-4F5A-8688-DBBACFA0AA83}
		{035C26F9-4690-4AC3-9637-E051EF99AED6} = {00BB44AF-49C8-4F5A-8688-DBBACFA0AA83}
		{7A30855D-936A-E162-38AB-A880FB1C308F} = {36D5B36C-AA0E-4AD7-954C-530DA23422FE}
		{04DE3960-C292-48B4-841D-DA768D6CBCDA} = {36D5B36C-AA0E-4AD7-954C-530DA23422FE}
		{973A3198-498F-D15E-5BE8-383D155E6880} = {AE322C35-2A9C-4C9B-B686-2A9C91F7CBA2}
		{0A19B43E-25F5-4CEF-9D93-3E2264F2BC7B} = {AE322C35-2A9C-4C9B-B686-2A9C91F7CBA2}
		{2F970186-0269-9A61-81C6-734E13FA8E64} = {0C5AB3EF-62A4-4D57-A201-592084C9D1E9}
		{1136E258-9148-4A8C-BF2E-ED171FE4A9B1} = {0C5AB3EF-62A4-4D57-A201-592084C9D1E9}
		{95590D65-F0A6-F3C4-A25F-A97A5EADB6AA} = {4F1A08B6-7AB7-402F-AE4D-C8E870F0AA8F}
		{9D40CC2D-BEEA-4A2B-B9CD-8D1285123E8C} = {4F1A08B6-7AB7-402F-AE4D-C8E870F0AA8F}
		{89CA1D7A-8393-2B60-BD97-07D99AE11557} = {9C9CBBFF-BD31-43BC-A498-B73BA3A85611}
		{2AEA0505-C32E-4CE4-A628-D5BAB96AFA38} = {9C9CBBFF-BD31-43BC-A498-B73BA3A85611}
		{B65F0CC9-B612-493D-B4AD-E854EE1E262F} = {02EA681E-C7D8-13C7-8484-4AC65E1B71E8}
		{DBF83073-4A65-3C6C-3FE7-3F9B4D680ECB} = {B65F0CC9-B612-493D-B4AD-E854EE1E262F}
		{6FB8E154-DA41-4B27-AA16-5D5822B288ED} = {B65F0CC9-B612-493D-B4AD-E854EE1E262F}
	EndGlobalSection
	GlobalSection(ExtensibilityGlobals) = postSolution
		SolutionGuid = {537E1C80-4E0C-4D40-ACC8-FD779893FEA6}
	EndGlobalSection
EndGlobal
